// !$*UTF8*$!
{
	archiveVersion = 1;
	classes = {
	};
	objectVersion = 46;
	objects = {

/* Begin PBXBuildFile section */
		C4CB501C1A7772BB00C25973 /* main.m in Sources */ = {isa = PBXBuildFile; fileRef = C4CB501B1A7772BB00C25973 /* main.m */; };
		C4CB501F1A7772BB00C25973 /* AppDelegate.m in Sources */ = {isa = PBXBuildFile; fileRef = C4CB501E1A7772BB00C25973 /* AppDelegate.m */; };
		C4CB50221A7772BB00C25973 /* ViewController.m in Sources */ = {isa = PBXBuildFile; fileRef = C4CB50211A7772BB00C25973 /* ViewController.m */; };
		C4CB50251A7772BB00C25973 /* Main.storyboard in Resources */ = {isa = PBXBuildFile; fileRef = C4CB50231A7772BB00C25973 /* Main.storyboard */; };
		C4CB50271A7772BB00C25973 /* Images.xcassets in Resources */ = {isa = PBXBuildFile; fileRef = C4CB50261A7772BB00C25973 /* Images.xcassets */; };
		C4CB502A1A7772BB00C25973 /* LaunchScreen.xib in Resources */ = {isa = PBXBuildFile; fileRef = C4CB50281A7772BB00C25973 /* LaunchScreen.xib */; };
		C4CB50361A7772BB00C25973 /* TableViewSampleTests.m in Sources */ = {isa = PBXBuildFile; fileRef = C4CB50351A7772BB00C25973 /* TableViewSampleTests.m */; };
/* End PBXBuildFile section */

/* Begin PBXContainerItemProxy section */
		C4CB50301A7772BB00C25973 /* PBXContainerItemProxy */ = {
			isa = PBXContainerItemProxy;
			containerPortal = C4CB500E1A7772BB00C25973 /* Project object */;
			proxyType = 1;
			remoteGlobalIDString = C4CB50151A7772BB00C25973;
			remoteInfo = TableViewSample;
		};
/* End PBXContainerItemProxy section */

/* Begin PBXFileReference section */
		C4CB50161A7772BB00C25973 /* TableViewSample.app */ = {isa = PBXFileReference; explicitFileType = wrapper.application; includeInIndex = 0; path = TableViewSample.app; sourceTree = BUILT_PRODUCTS_DIR; };
		C4CB501A1A7772BB00C25973 /* Info.plist */ = {isa = PBXFileReference; lastKnownFileType = text.plist.xml; path = Info.plist; sourceTree = "<group>"; };
		C4CB501B1A7772BB00C25973 /* main.m */ = {isa = PBXFileReference; lastKnownFileType = sourcecode.c.objc; path = main.m; sourceTree = "<group>"; };
		C4CB501D1A7772BB00C25973 /* AppDelegate.h */ = {isa = PBXFileReference; lastKnownFileType = sourcecode.c.h; path = AppDelegate.h; sourceTree = "<group>"; };
		C4CB501E1A7772BB00C25973 /* AppDelegate.m */ = {isa = PBXFileReference; lastKnownFileType = sourcecode.c.objc; path = AppDelegate.m; sourceTree = "<group>"; };
		C4CB50201A7772BB00C25973 /* ViewController.h */ = {isa = PBXFileReference; lastKnownFileType = sourcecode.c.h; path = ViewController.h; sourceTree = "<group>"; };
		C4CB50211A7772BB00C25973 /* ViewController.m */ = {isa = PBXFileReference; lastKnownFileType = sourcecode.c.objc; path = ViewController.m; sourceTree = "<group>"; };
		C4CB50241A7772BB00C25973 /* Base */ = {isa = PBXFileReference; lastKnownFileType = file.storyboard; name = Base; path = Base.lproj/Main.storyboard; sourceTree = "<group>"; };
		C4CB50261A7772BB00C25973 /* Images.xcassets */ = {isa = PBXFileReference; lastKnownFileType = folder.assetcatalog; path = Images.xcassets; sourceTree = "<group>"; };
		C4CB50291A7772BB00C25973 /* Base */ = {isa = PBXFileReference; lastKnownFileType = file.xib; name = Base; path = Base.lproj/LaunchScreen.xib; sourceTree = "<group>"; };
		C4CB502F1A7772BB00C25973 /* TableViewSampleTests.xctest */ = {isa = PBXFileReference; explicitFileType = wrapper.cfbundle; includeInIndex = 0; path = TableViewSampleTests.xctest; sourceTree = BUILT_PRODUCTS_DIR; };
		C4CB50341A7772BB00C25973 /* Info.plist */ = {isa = PBXFileReference; lastKnownFileType = text.plist.xml; path = Info.plist; sourceTree = "<group>"; };
		C4CB50351A7772BB00C25973 /* TableViewSampleTests.m */ = {isa = PBXFileReference; lastKnownFileType = sourcecode.c.objc; path = TableViewSampleTests.m; sourceTree = "<group>"; };
/* End PBXFileReference section */

/* Begin PBXFrameworksBuildPhase section */
		C4CB50131A7772BB00C25973 /* Frameworks */ = {
			isa = PBXFrameworksBuildPhase;
			buildActionMask = 2147483647;
			files = (
			);
			runOnlyForDeploymentPostprocessing = 0;
		};
		C4CB502C1A7772BB00C25973 /* Frameworks */ = {
			isa = PBXFrameworksBuildPhase;
			buildActionMask = 2147483647;
			files = (
			);
			runOnlyForDeploymentPostprocessing = 0;
		};
/* End PBXFrameworksBuildPhase section */

/* Begin PBXGroup section */
		C4CB500D1A7772BB00C25973 = {
			isa = PBXGroup;
			children = (
				C4CB50181A7772BB00C25973 /* TableViewSample */,
				C4CB50321A7772BB00C25973 /* TableViewSampleTests */,
				C4CB50171A7772BB00C25973 /* Products */,
			);
			sourceTree = "<group>";
		};
		C4CB50171A7772BB00C25973 /* Products */ = {
			isa = PBXGroup;
			children = (
				C4CB50161A7772BB00C25973 /* TableViewSample.app */,
				C4CB502F1A7772BB00C25973 /* TableViewSampleTests.xctest */,
			);
			name = Products;
			sourceTree = "<group>";
		};
		C4CB50181A7772BB00C25973 /* TableViewSample */ = {
			isa = PBXGroup;
			children = (
				C4CB501D1A7772BB00C25973 /* AppDelegate.h */,
				C4CB501E1A7772BB00C25973 /* AppDelegate.m */,
				C4CB50201A7772BB00C25973 /* ViewController.h */,
				C4CB50211A7772BB00C25973 /* ViewController.m */,
				C4CB50231A7772BB00C25973 /* Main.storyboard */,
				C4CB50261A7772BB00C25973 /* Images.xcassets */,
				C4CB50281A7772BB00C25973 /* LaunchScreen.xib */,
				C4CB50191A7772BB00C25973 /* Supporting Files */,
			);
			path = TableViewSample;
			sourceTree = "<group>";
		};
		C4CB50191A7772BB00C25973 /* Supporting Files */ = {
			isa = PBXGroup;
			children = (
				C4CB501A1A7772BB00C25973 /* Info.plist */,
				C4CB501B1A7772BB00C25973 /* main.m */,
			);
			name = "Supporting Files";
			sourceTree = "<group>";
		};
		C4CB50321A7772BB00C25973 /* TableViewSampleTests */ = {
			isa = PBXGroup;
			children = (
				C4CB50351A7772BB00C25973 /* TableViewSampleTests.m */,
				C4CB50331A7772BB00C25973 /* Supporting Files */,
			);
			path = TableViewSampleTests;
			sourceTree = "<group>";
		};
		C4CB50331A7772BB00C25973 /* Supporting Files */ = {
			isa = PBXGroup;
			children = (
				C4CB50341A7772BB00C25973 /* Info.plist */,
			);
			name = "Supporting Files";
			sourceTree = "<group>";
		};
/* End PBXGroup section */

/* Begin PBXNativeTarget section */
		C4CB50151A7772BB00C25973 /* TableViewSample */ = {
			isa = PBXNativeTarget;
			buildConfigurationList = C4CB50391A7772BB00C25973 /* Build configuration list for PBXNativeTarget "TableViewSample" */;
			buildPhases = (
				C4CB50121A7772BB00C25973 /* Sources */,
				C4CB50131A7772BB00C25973 /* Frameworks */,
				C4CB50141A7772BB00C25973 /* Resources */,
			);
			buildRules = (
			);
			dependencies = (
			);
			name = TableViewSample;
			productName = TableViewSample;
			productReference = C4CB50161A7772BB00C25973 /* TableViewSample.app */;
			productType = "com.apple.product-type.application";
		};
		C4CB502E1A7772BB00C25973 /* TableViewSampleTests */ = {
			isa = PBXNativeTarget;
			buildConfigurationList = C4CB503C1A7772BB00C25973 /* Build configuration list for PBXNativeTarget "TableViewSampleTests" */;
			buildPhases = (
				C4CB502B1A7772BB00C25973 /* Sources */,
				C4CB502C1A7772BB00C25973 /* Frameworks */,
				C4CB502D1A7772BB00C25973 /* Resources */,
			);
			buildRules = (
			);
			dependencies = (
				C4CB50311A7772BB00C25973 /* PBXTargetDependency */,
			);
			name = TableViewSampleTests;
			productName = TableViewSampleTests;
			productReference = C4CB502F1A7772BB00C25973 /* TableViewSampleTests.xctest */;
			productType = "com.apple.product-type.bundle.unit-test";
		};
/* End PBXNativeTarget section */

/* Begin PBXProject section */
		C4CB500E1A7772BB00C25973 /* Project object */ = {
			isa = PBXProject;
			attributes = {
				LastUpgradeCheck = 0610;
				ORGANIZATIONNAME = WeiXiang;
				TargetAttributes = {
					C4CB50151A7772BB00C25973 = {
						CreatedOnToolsVersion = 6.1.1;
					};
					C4CB502E1A7772BB00C25973 = {
						CreatedOnToolsVersion = 6.1.1;
						TestTargetID = C4CB50151A7772BB00C25973;
					};
				};
			};
			buildConfigurationList = C4CB50111A7772BB00C25973 /* Build configuration list for PBXProject "TableViewSample" */;
			compatibilityVersion = "Xcode 3.2";
			developmentRegion = English;
			hasScannedForEncodings = 0;
			knownRegions = (
				en,
				Base,
			);
			mainGroup = C4CB500D1A7772BB00C25973;
			productRefGroup = C4CB50171A7772BB00C25973 /* Products */;
			projectDirPath = "";
			projectRoot = "";
			targets = (
				C4CB50151A7772BB00C25973 /* TableViewSample */,
				C4CB502E1A7772BB00C25973 /* TableViewSampleTests */,
			);
		};
/* End PBXProject section */

/* Begin PBXResourcesBuildPhase section */
		C4CB50141A7772BB00C25973 /* Resources */ = {
			isa = PBXResourcesBuildPhase;
			buildActionMask = 2147483647;
			files = (
				C4CB50251A7772BB00C25973 /* Main.storyboard in Resources */,
				C4CB502A1A7772BB00C25973 /* LaunchScreen.xib in Resources */,
				C4CB50271A7772BB00C25973 /* Images.xcassets in Resources */,
			);
			runOnlyForDeploymentPostprocessing = 0;
		};
		C4CB502D1A7772BB00C25973 /* Resources */ = {
			isa = PBXResourcesBuildPhase;
			buildActionMask = 2147483647;
			files = (
			);
			runOnlyForDeploymentPostprocessing = 0;
		};
/* End PBXResourcesBuildPhase section */

/* Begin PBXSourcesBuildPhase section */
		C4CB50121A7772BB00C25973 /* Sources */ = {
			isa = PBXSourcesBuildPhase;
			buildActionMask = 2147483647;
			files = (
				C4CB50221A7772BB00C25973 /* ViewController.m in Sources */,
				C4CB501F1A7772BB00C25973 /* AppDelegate.m in Sources */,
				C4CB501C1A7772BB00C25973 /* main.m in Sources */,
			);
			runOnlyForDeploymentPostprocessing = 0;
		};
		C4CB502B1A7772BB00C25973 /* Sources */ = {
			isa = PBXSourcesBuildPhase;
			buildActionMask = 2147483647;
			files = (
				C4CB50361A7772BB00C25973 /* TableViewSampleTests.m in Sources */,
			);
			runOnlyForDeploymentPostprocessing = 0;
		};
/* End PBXSourcesBuildPhase section */

/* Begin PBXTargetDependency section */
		C4CB50311A7772BB00C25973 /* PBXTargetDependency */ = {
			isa = PBXTargetDependency;
			target = C4CB50151A7772BB00C25973 /* TableViewSample */;
			targetProxy = C4CB50301A7772BB00C25973 /* PBXContainerItemProxy */;
		};
/* End PBXTargetDependency section */

/* Begin PBXVariantGroup section */
		C4CB50231A7772BB00C25973 /* Main.storyboard */ = {
			isa = PBXVariantGroup;
			children = (
				C4CB50241A7772BB00C25973 /* Base */,
			);
			name = Main.storyboard;
			sourceTree = "<group>";
		};
		C4CB50281A7772BB00C25973 /* LaunchScreen.xib */ = {
			isa = PBXVariantGroup;
			children = (
				C4CB50291A7772BB00C25973 /* Base */,
			);
			name = LaunchScreen.xib;
			sourceTree = "<group>";
		};
/* End PBXVariantGroup section */

/* Begin XCBuildConfiguration section */
		C4CB50371A7772BB00C25973 /* Debug */ = {
			isa = XCBuildConfiguration;
			buildSettings = {
				ALWAYS_SEARCH_USER_PATHS = NO;
				CLANG_CXX_LANGUAGE_STANDARD = "gnu++0x";
				CLANG_CXX_LIBRARY = "libc++";
				CLANG_ENABLE_MODULES = YES;
				CLANG_ENABLE_OBJC_ARC = YES;
				CLANG_WARN_BOOL_CONVERSION = YES;
				CLANG_WARN_CONSTANT_CONVERSION = YES;
				CLANG_WARN_DIRECT_OBJC_ISA_USAGE = YES_ERROR;
				CLANG_WARN_EMPTY_BODY = YES;
				CLANG_WARN_ENUM_CONVERSION = YES;
				CLANG_WARN_INT_CONVERSION = YES;
				CLANG_WARN_OBJC_ROOT_CLASS = YES_ERROR;
				CLANG_WARN_UNREACHABLE_CODE = YES;
				CLANG_WARN__DUPLICATE_METHOD_MATCH = YES;
				"CODE_SIGN_IDENTITY[sdk=iphoneos*]" = "iPhone Developer";
				COPY_PHASE_STRIP = NO;
				ENABLE_STRICT_OBJC_MSGSEND = YES;
				GCC_C_LANGUAGE_STANDARD = gnu99;
				GCC_DYNAMIC_NO_PIC = NO;
				GCC_OPTIMIZATION_LEVEL = 0;
				GCC_PREPROCESSOR_DEFINITIONS = (
					"DEBUG=1",
					"$(inherited)",
				);
				GCC_SYMBOLS_PRIVATE_EXTERN = NO;
				GCC_WARN_64_TO_32_BIT_CONVERSION = YES;
				GCC_WARN_ABOUT_RETURN_TYPE = YES_ERROR;
				GCC_WARN_UNDECLARED_SELECTOR = YES;
				GCC_WARN_UNINITIALIZED_AUTOS = YES_AGGRESSIVE;
				GCC_WARN_UNUSED_FUNCTION = YES;
				GCC_WARN_UNUSED_VARIABLE = YES;
				IPHONEOS_DEPLOYMENT_TARGET = 8.1;
				MTL_ENABLE_DEBUG_INFO = YES;
				ONLY_ACTIVE_ARCH = YES;
				SDKROOT = iphoneos;
			};
			name = Debug;
		};
		C4CB50381A7772BB00C25973 /* Release */ = {
			isa = XCBuildConfiguration;
			buildSettings = {
				ALWAYS_SEARCH_USER_PATHS = NO;
				CLANG_CXX_LANGUAGE_STANDARD = "gnu++0x";
				CLANG_CXX_LIBRARY = "libc++";
				CLANG_ENABLE_MODULES = YES;
				CLANG_ENABLE_OBJC_ARC = YES;
				CLANG_WARN_BOOL_CONVERSION = YES;
				CLANG_WARN_CONSTANT_CONVERSION = YES;
				CLANG_WARN_DIRECT_OBJC_ISA_USAGE = YES_ERROR;
				CLANG_WARN_EMPTY_BODY = YES;
				CLANG_WARN_ENUM_CONVERSION = YES;
				CLANG_WARN_INT_CONVERSION = YES;
				CLANG_WARN_OBJC_ROOT_CLASS = YES_ERROR;
				CLANG_WARN_UNREACHABLE_CODE = YES;
				CLANG_WARN__DUPLICATE_METHOD_MATCH = YES;
				"CODE_SIGN_IDENTITY[sdk=iphoneos*]" = "iPhone Developer";
				COPY_PHASE_STRIP = YES;
				ENABLE_NS_ASSERTIONS = NO;
				ENABLE_STRICT_OBJC_MSGSEND = YES;
				GCC_C_LANGUAGE_STANDARD = gnu99;
				GCC_WARN_64_TO_32_BIT_CONVERSION = YES;
				GCC_WARN_ABOUT_RETURN_TYPE = YES_ERROR;
				GCC_WARN_UNDECLARED_SELECTOR = YES;
				GCC_WARN_UNINITIALIZED_AUTOS = YES_AGGRESSIVE;
				GCC_WARN_UNUSED_FUNCTION = YES;
				GCC_WARN_UNUSED_VARIABLE = YES;
				IPHONEOS_DEPLOYMENT_TARGET = 8.1;
				MTL_ENABLE_DEBUG_INFO = NO;
				SDKROOT = iphoneos;
				VALIDATE_PRODUCT = YES;
			};
			name = Release;
		};
		C4CB503A1A7772BB00C25973 /* Debug */ = {
			isa = XCBuildConfiguration;
			buildSettings = {
				ASSETCATALOG_COMPILER_APPICON_NAME = AppIcon;
				INFOPLIST_FILE = TableViewSample/Info.plist;
				LD_RUNPATH_SEARCH_PATHS = "$(inherited) @executable_path/Frameworks";
				PRODUCT_NAME = "$(TARGET_NAME)";
			};
			name = Debug;
		};
		C4CB503B1A7772BB00C25973 /* Release */ = {
			isa = XCBuildConfiguration;
			buildSettings = {
				ASSETCATALOG_COMPILER_APPICON_NAME = AppIcon;
				INFOPLIST_FILE = TableViewSample/Info.plist;
				LD_RUNPATH_SEARCH_PATHS = "$(inherited) @executable_path/Frameworks";
				PRODUCT_NAME = "$(TARGET_NAME)";
			};
			name = Release;
		};
		C4CB503D1A7772BB00C25973 /* Debug */ = {
			isa = XCBuildConfiguration;
			buildSettings = {
				BUNDLE_LOADER = "$(TEST_HOST)";
				FRAMEWORK_SEARCH_PATHS = (
					"$(SDKROOT)/Developer/Library/Frameworks",
					"$(inherited)",
				);
				GCC_PREPROCESSOR_DEFINITIONS = (
					"DEBUG=1",
					"$(inherited)",
				);
				INFOPLIST_FILE = TableViewSampleTests/Info.plist;
				LD_RUNPATH_SEARCH_PATHS = "$(inherited) @executable_path/Frameworks @loader_path/Frameworks";
				PRODUCT_NAME = "$(TARGET_NAME)";
				TEST_HOST = "$(BUILT_PRODUCTS_DIR)/TableViewSample.app/TableViewSample";
			};
			name = Debug;
		};
		C4CB503E1A7772BB00C25973 /* Release */ = {
			isa = XCBuildConfiguration;
			buildSettings = {
				BUNDLE_LOADER = "$(TEST_HOST)";
				FRAMEWORK_SEARCH_PATHS = (
					"$(SDKROOT)/Developer/Library/Frameworks",
					"$(inherited)",
				);
				INFOPLIST_FILE = TableViewSampleTests/Info.plist;
				LD_RUNPATH_SEARCH_PATHS = "$(inherited) @executable_path/Frameworks @loader_path/Frameworks";
				PRODUCT_NAME = "$(TARGET_NAME)";
				TEST_HOST = "$(BUILT_PRODUCTS_DIR)/TableViewSample.app/TableViewSample";
			};
			name = Release;
		};
/* End XCBuildConfiguration section */

/* Begin XCConfigurationList section */
		C4CB50111A7772BB00C25973 /* Build configuration list for PBXProject "TableViewSample" */ = {
			isa = XCConfigurationList;
			buildConfigurations = (
				C4CB50371A7772BB00C25973 /* Debug */,
				C4CB50381A7772BB00C25973 /* Release */,
			);
			defaultConfigurationIsVisible = 0;
			defaultConfigurationName = Release;
		};
		C4CB50391A7772BB00C25973 /* Build configuration list for PBXNativeTarget "TableViewSample" */ = {
			isa = XCConfigurationList;
			buildConfigurations = (
				C4CB503A1A7772BB00C25973 /* Debug */,
				C4CB503B1A7772BB00C25973 /* Release */,
			);
			defaultConfigurationIsVisible = 0;
		};
		C4CB503C1A7772BB00C25973 /* Build configuration list for PBXNativeTarget "TableViewSampleTests" */ = {
			isa = XCConfigurationList;
			buildConfigurations = (
				C4CB503D1A7772BB00C25973 /* Debug */,
				C4CB503E1A7772BB00C25973 /* Release */,
			);
			defaultConfigurationIsVisible = 0;
		};
/* End XCConfigurationList section */
	};
	rootObject = C4CB500E1A7772BB00C25973 /* Project object */;
}
